<?xml version="1.0" encoding="utf-8"?>
<Project ToolsVersion="4.0" xmlns="http://schemas.microsoft.com/developer/msbuild/2003">
  <ItemGroup>
    <Filter Include="Managers">
      <UniqueIdentifier>{336b832c-4449-4fb5-a349-2bdf89736f86}</UniqueIdentifier>
    </Filter>
    <Filter Include="Core">
      <UniqueIdentifier>{035623ab-1578-4acc-b02c-fac293f5da66}</UniqueIdentifier>
    </Filter>
    <Filter Include="Game">
      <UniqueIdentifier>{86b0638a-2ab2-4f21-9104-42c0402d5497}</UniqueIdentifier>
    </Filter>
    <Filter Include="Game\Scene">
      <UniqueIdentifier>{530594ed-fe59-4600-a786-005d5c26f2c8}</UniqueIdentifier>
    </Filter>
    <Filter Include="Game\Stage">
      <UniqueIdentifier>{dbdc4b57-ef9a-4b70-bd7e-d338dcec16ee}</UniqueIdentifier>
    </Filter>
    <Filter Include="Game\Player">
      <UniqueIdentifier>{dc1e6310-fbb4-4de4-940e-d012746007b9}</UniqueIdentifier>
    </Filter>
    <Filter Include="Game\UI">
      <UniqueIdentifier>{ac147064-120c-4e81-9191-453c9e4993db}</UniqueIdentifier>
    </Filter>
    <Filter Include="Game\Unit">
      <UniqueIdentifier>{34d3bca9-ab57-47b3-b71c-3f5f2c7d4e8b}</UniqueIdentifier>
    </Filter>
    <Filter Include="Game\Unit\Friendly">
      <UniqueIdentifier>{dfa0bb34-4234-4013-969a-1528a87a7331}</UniqueIdentifier>
    </Filter>
    <Filter Include="Game\Unit\Enemy">
      <UniqueIdentifier>{e7b5d509-1f53-4c5c-a75c-243f54ba7c76}</UniqueIdentifier>
    </Filter>
    <Filter Include="Core\Animation">
      <UniqueIdentifier>{00d1a3c6-fed9-40ad-9478-c072bdced1ee}</UniqueIdentifier>
    </Filter>
    <Filter Include="Core\Collision">
      <UniqueIdentifier>{e401dae4-9182-4abd-925e-acff5de2e321}</UniqueIdentifier>
    </Filter>
    <Filter Include="Core\Object">
      <UniqueIdentifier>{28c87aa0-6c00-4b3d-8355-f311d5a5d7ff}</UniqueIdentifier>
    </Filter>
    <Filter Include="Core\Time">
      <UniqueIdentifier>{8663b83f-4eb6-445e-9335-3d4626534748}</UniqueIdentifier>
    </Filter>
    <Filter Include="Core\Sprite">
      <UniqueIdentifier>{479e8436-3bf6-422c-b4ec-dc64fe4a4640}</UniqueIdentifier>
    </Filter>
    <Filter Include="Core\Texture">
      <UniqueIdentifier>{5ba76e80-e0eb-4dd1-81d6-977030c3db65}</UniqueIdentifier>
    </Filter>
    <Filter Include="Core\Stdafx">
      <UniqueIdentifier>{fc3f0b28-7a58-478c-bfc6-14535f36b05d}</UniqueIdentifier>
    </Filter>
    <Filter Include="Core\Timer">
      <UniqueIdentifier>{1b108ea8-f2c5-474e-812f-39c4890a7cb7}</UniqueIdentifier>
    </Filter>
    <Filter Include="Core\Console">
      <UniqueIdentifier>{3eced229-11b0-4344-8097-9a06fdd919ae}</UniqueIdentifier>
    </Filter>
  </ItemGroup>
  <ItemGroup>
    <ClCompile Include="WinMain.cpp" />
    <ClCompile Include="GameMgr.cpp">
      <Filter>Managers</Filter>
    </ClCompile>
    <ClCompile Include="GraphicMgr.cpp">
      <Filter>Managers</Filter>
    </ClCompile>
    <ClCompile Include="InputMgr.cpp">
      <Filter>Managers</Filter>
    </ClCompile>
    <ClCompile Include="PlayerMgr.cpp">
      <Filter>Managers</Filter>
    </ClCompile>
    <ClCompile Include="SceneMgr.cpp">
      <Filter>Managers</Filter>
    </ClCompile>
    <ClCompile Include="TextureMgr.cpp">
      <Filter>Managers</Filter>
    </ClCompile>
    <ClCompile Include="Intro_scene.cpp">
      <Filter>Game\Scene</Filter>
    </ClCompile>
    <ClCompile Include="Main_scene.cpp">
      <Filter>Game\Scene</Filter>
    </ClCompile>
    <ClCompile Include="land_stage.cpp">
      <Filter>Game\Stage</Filter>
    </ClCompile>
    <ClCompile Include="Loading_scene.cpp">
      <Filter>Game\Scene</Filter>
    </ClCompile>
    <ClCompile Include="Background.cpp">
      <Filter>Game\Stage</Filter>
    </ClCompile>
    <ClCompile Include="Bullet.cpp">
      <Filter>Game\Player</Filter>
    </ClCompile>
    <ClCompile Include="Player.cpp">
      <Filter>Game\Player</Filter>
    </ClCompile>
    <ClCompile Include="Enemy.cpp">
      <Filter>Game\Unit\Enemy</Filter>
    </ClCompile>
    <ClCompile Include="Friendly.cpp">
      <Filter>Game\Unit\Friendly</Filter>
    </ClCompile>
    <ClCompile Include="Unit.cpp">
      <Filter>Game\Unit</Filter>
    </ClCompile>
    <ClCompile Include="sea_stage.cpp">
      <Filter>Game\Stage</Filter>
    </ClCompile>
    <ClCompile Include="CollisionMgr.cpp">
      <Filter>Managers</Filter>
    </ClCompile>
    <ClCompile Include="End_scene.cpp">
      <Filter>Game\Scene</Filter>
    </ClCompile>
    <ClCompile Include="ScoreMsg.cpp">
      <Filter>Game\UI</Filter>
    </ClCompile>
    <ClCompile Include="Item.cpp">
      <Filter>Game</Filter>
    </ClCompile>
    <ClCompile Include="Scene.cpp">
      <Filter>Game\Scene</Filter>
    </ClCompile>
    <ClCompile Include="UnitSpawner.cpp">
      <Filter>Game\Unit</Filter>
    </ClCompile>
    <ClCompile Include="ArrowTurret.cpp">
      <Filter>Game\Unit\Friendly</Filter>
    </ClCompile>
    <ClCompile Include="AddFriendly.cpp">
      <Filter>Game\UI</Filter>
    </ClCompile>
    <ClCompile Include="TurtleShip.cpp">
      <Filter>Game</Filter>
    </ClCompile>
    <ClCompile Include="UI.cpp">
      <Filter>Game\UI</Filter>
    </ClCompile>
    <ClCompile Include="BulletMgr.cpp">
      <Filter>Managers</Filter>
    </ClCompile>
    <ClCompile Include="BossEnemy.cpp">
      <Filter>Game\Unit\Enemy</Filter>
    </ClCompile>
    <ClCompile Include="AddFriendly_Plus.cpp">
      <Filter>Game\UI</Filter>
    </ClCompile>
    <ClCompile Include="HpBar.cpp">
      <Filter>Game\UI</Filter>
    </ClCompile>
    <ClCompile Include="AnimationSprite.cpp">
      <Filter>Core\Animation</Filter>
    </ClCompile>
    <ClCompile Include="Collider.cpp">
      <Filter>Core\Collision</Filter>
    </ClCompile>
    <ClCompile Include="CircleCollider.cpp">
      <Filter>Core\Collision</Filter>
    </ClCompile>
    <ClCompile Include="GameObject.cpp">
      <Filter>Core\Object</Filter>
    </ClCompile>
    <ClCompile Include="GameTime.cpp">
      <Filter>Core\Time</Filter>
    </ClCompile>
    <ClCompile Include="Sprite.cpp">
      <Filter>Core\Sprite</Filter>
    </ClCompile>
    <ClCompile Include="Texture.cpp">
      <Filter>Core\Texture</Filter>
    </ClCompile>
    <ClCompile Include="stdafx.cpp">
      <Filter>Core\Stdafx</Filter>
    </ClCompile>
    <ClCompile Include="Timer.cpp">
      <Filter>Core\Timer</Filter>
    </ClCompile>
  </ItemGroup>
  <ItemGroup>
    <ClInclude Include="GameMgr.h">
      <Filter>Managers</Filter>
    </ClInclude>
    <ClInclude Include="GraphicMgr.h">
      <Filter>Managers</Filter>
    </ClInclude>
    <ClInclude Include="InputMgr.h">
      <Filter>Managers</Filter>
    </ClInclude>
    <ClInclude Include="PlayerMgr.h">
      <Filter>Managers</Filter>
    </ClInclude>
    <ClInclude Include="SceneMgr.h">
      <Filter>Managers</Filter>
    </ClInclude>
    <ClInclude Include="TextureMgr.h">
      <Filter>Managers</Filter>
    </ClInclude>
    <ClInclude Include="Intro_scene.h">
      <Filter>Game\Scene</Filter>
    </ClInclude>
    <ClInclude Include="Main_scene.h">
      <Filter>Game\Scene</Filter>
    </ClInclude>
    <ClInclude Include="land_stage.h">
      <Filter>Game\Stage</Filter>
    </ClInclude>
    <ClInclude Include="Loading_scene.h">
      <Filter>Game\Scene</Filter>
    </ClInclude>
    <ClInclude Include="Background.h">
      <Filter>Game\Stage</Filter>
    </ClInclude>
    <ClInclude Include="Bullet.h">
      <Filter>Game\Player</Filter>
    </ClInclude>
    <ClInclude Include="Enemy.h">
      <Filter>Game\Unit\Enemy</Filter>
    </ClInclude>
    <ClInclude Include="Friendly.h">
      <Filter>Game\Unit\Friendly</Filter>
    </ClInclude>
    <ClInclude Include="Unit.h">
      <Filter>Game\Unit</Filter>
    </ClInclude>
    <ClInclude Include="sea_stage.h">
      <Filter>Game\Stage</Filter>
    </ClInclude>
    <ClInclude Include="CollisionMgr.h">
      <Filter>Managers</Filter>
    </ClInclude>
    <ClInclude Include="End_scene.h">
      <Filter>Game\Scene</Filter>
    </ClInclude>
    <ClInclude Include="ScoreMsg.h">
      <Filter>Game\UI</Filter>
    </ClInclude>
    <ClInclude Include="Item.h">
      <Filter>Game</Filter>
    </ClInclude>
    <ClInclude Include="Scene.h">
      <Filter>Game\Scene</Filter>
    </ClInclude>
    <ClInclude Include="UnitSpawner.h">
      <Filter>Game\Unit</Filter>
    </ClInclude>
    <ClInclude Include="ArrowTurret.h">
      <Filter>Game\Unit\Friendly</Filter>
    </ClInclude>
    <ClInclude Include="AddFriendly.h">
      <Filter>Game\UI</Filter>
    </ClInclude>
    <ClInclude Include="TurtleShip.h">
      <Filter>Game</Filter>
    </ClInclude>
    <ClInclude Include="UI.h">
      <Filter>Game\UI</Filter>
    </ClInclude>
    <ClInclude Include="Player.h">
      <Filter>Game\Player</Filter>
    </ClInclude>
    <ClInclude Include="BulletMgr.h">
      <Filter>Managers</Filter>
    </ClInclude>
    <ClInclude Include="BossEnemy.h">
      <Filter>Game\Unit\Enemy</Filter>
    </ClInclude>
    <ClInclude Include="AddFriendly_Plus.h">
      <Filter>Game\UI</Filter>
    </ClInclude>
    <ClInclude Include="HpBar.h">
      <Filter>Game\UI</Filter>
    </ClInclude>
    <ClInclude Include="AnimationSprite.h">
      <Filter>Core\Animation</Filter>
    </ClInclude>
    <ClInclude Include="Collider.h">
      <Filter>Core\Collision</Filter>
    </ClInclude>
    <ClInclude Include="CircleCollider.h">
      <Filter>Core\Collision</Filter>
    </ClInclude>
    <ClInclude Include="GameObject.h">
      <Filter>Core\Object</Filter>
    </ClInclude>
    <ClInclude Include="GameTime.h">
      <Filter>Core\Time</Filter>
    </ClInclude>
    <ClInclude Include="Sprite.h">
      <Filter>Core\Sprite</Filter>
    </ClInclude>
    <ClInclude Include="Texture.h">
      <Filter>Core\Texture</Filter>
    </ClInclude>
    <ClInclude Include="stdafx.h">
      <Filter>Core\Stdafx</Filter>
    </ClInclude>
    <ClInclude Include="Timer.h">
      <Filter>Core\Timer</Filter>
    </ClInclude>
    <ClInclude Include="Console.h">
      <Filter>Core\Console</Filter>
    </ClInclude>
    <ClInclude Include="SingleTon.h">
      <Filter>Core\Console</Filter>
    </ClInclude>
  </ItemGroup>
</Project>